
Microsoft Visual Studio Solution File, Format Version 12.00
# Visual Studio Version 16
VisualStudioVersion = 16.0.31129.286
MinimumVisualStudioVersion = 10.0.40219.1
Project("{2150E333-8FDC-42A3-9474-1A3956D46DE8}") = "src", "src", "{DD6A3F7E-A8AD-4DCB-A978-90674AB92045}"
EndProject
Project("{2150E333-8FDC-42A3-9474-1A3956D46DE8}") = "test", "test", "{2F99ED14-67D3-4A64-B8CC-5AB4772835B0}"
EndProject
Project("{9A19103F-16F7-4668-BE54-9A1E7A4F7556}") = "FIAT.Backend", "src\FIAT.Backend\FIAT.Backend.csproj", "{3A8BB973-C7A5-4194-8709-58CCE07D0C0B}"
EndProject
Project("{9A19103F-16F7-4668-BE54-9A1E7A4F7556}") = "FIAT.Gui", "src\FIAT.Gui\FIAT.Gui.csproj", "{1A32FAE0-3905-428B-AA3A-584828CD7776}"
EndProject
Project("{9A19103F-16F7-4668-BE54-9A1E7A4F7556}") = "FIAT.Backend.Test", "test\FIAT.Backend.Test\FIAT.Backend.Test.csproj", "{949B686B-9DE0-4D70-825E-CC4FD1CC6ECC}"
EndProject
Project("{9A19103F-16F7-4668-BE54-9A1E7A4F7556}") = "FIAT.Gui.Test", "test\FIAT.Gui.Test\FIAT.Gui.Test.csproj", "{DAC43804-38CA-4C93-AC40-B9F7A8865790}"
EndProject
Project("{9A19103F-16F7-4668-BE54-9A1E7A4F7556}") = "FIAT.TestUtils", "test\FIAT.TestUtils\FIAT.TestUtils.csproj", "{913E1E07-438F-456C-B473-5FF2E6FC966D}"
EndProject
Global
	GlobalSection(SolutionConfigurationPlatforms) = preSolution
		Debug|Any CPU = Debug|Any CPU
		Deliverable|Any CPU = Deliverable|Any CPU
		Release|Any CPU = Release|Any CPU
	EndGlobalSection
	GlobalSection(ProjectConfigurationPlatforms) = postSolution
		{3A8BB973-C7A5-4194-8709-58CCE07D0C0B}.Debug|Any CPU.ActiveCfg = Debug|Any CPU
		{3A8BB973-C7A5-4194-8709-58CCE07D0C0B}.Debug|Any CPU.Build.0 = Debug|Any CPU
		{3A8BB973-C7A5-4194-8709-58CCE07D0C0B}.Deliverable|Any CPU.ActiveCfg = Debug|Any CPU
		{3A8BB973-C7A5-4194-8709-58CCE07D0C0B}.Deliverable|Any CPU.Build.0 = Debug|Any CPU
		{3A8BB973-C7A5-4194-8709-58CCE07D0C0B}.Release|Any CPU.ActiveCfg = Release|Any CPU
		{3A8BB973-C7A5-4194-8709-58CCE07D0C0B}.Release|Any CPU.Build.0 = Release|Any CPU
		{1A32FAE0-3905-428B-AA3A-584828CD7776}.Debug|Any CPU.ActiveCfg = Debug|Any CPU
		{1A32FAE0-3905-428B-AA3A-584828CD7776}.Debug|Any CPU.Build.0 = Debug|Any CPU
		{1A32FAE0-3905-428B-AA3A-584828CD7776}.Deliverable|Any CPU.ActiveCfg = Deliverable|Any CPU
		{1A32FAE0-3905-428B-AA3A-584828CD7776}.Deliverable|Any CPU.Build.0 = Deliverable|Any CPU
		{1A32FAE0-3905-428B-AA3A-584828CD7776}.Release|Any CPU.ActiveCfg = Release|Any CPU
		{1A32FAE0-3905-428B-AA3A-584828CD7776}.Release|Any CPU.Build.0 = Release|Any CPU
		{949B686B-9DE0-4D70-825E-CC4FD1CC6ECC}.Debug|Any CPU.ActiveCfg = Debug|Any CPU
		{949B686B-9DE0-4D70-825E-CC4FD1CC6ECC}.Debug|Any CPU.Build.0 = Debug|Any CPU
		{949B686B-9DE0-4D70-825E-CC4FD1CC6ECC}.Deliverable|Any CPU.ActiveCfg = Debug|Any CPU
		{949B686B-9DE0-4D70-825E-CC4FD1CC6ECC}.Deliverable|Any CPU.Build.0 = Debug|Any CPU
		{949B686B-9DE0-4D70-825E-CC4FD1CC6ECC}.Release|Any CPU.ActiveCfg = Release|Any CPU
		{949B686B-9DE0-4D70-825E-CC4FD1CC6ECC}.Release|Any CPU.Build.0 = Release|Any CPU
		{DAC43804-38CA-4C93-AC40-B9F7A8865790}.Debug|Any CPU.ActiveCfg = Debug|Any CPU
		{DAC43804-38CA-4C93-AC40-B9F7A8865790}.Debug|Any CPU.Build.0 = Debug|Any CPU
		{DAC43804-38CA-4C93-AC40-B9F7A8865790}.Deliverable|Any CPU.ActiveCfg = Deliverable|Any CPU
		{DAC43804-38CA-4C93-AC40-B9F7A8865790}.Deliverable|Any CPU.Build.0 = Deliverable|Any CPU
		{DAC43804-38CA-4C93-AC40-B9F7A8865790}.Release|Any CPU.ActiveCfg = Release|Any CPU
		{DAC43804-38CA-4C93-AC40-B9F7A8865790}.Release|Any CPU.Build.0 = Release|Any CPU
		{913E1E07-438F-456C-B473-5FF2E6FC966D}.Debug|Any CPU.ActiveCfg = Debug|Any CPU
		{913E1E07-438F-456C-B473-5FF2E6FC966D}.Debug|Any CPU.Build.0 = Debug|Any CPU
		{913E1E07-438F-456C-B473-5FF2E6FC966D}.Deliverable|Any CPU.ActiveCfg = Deliverable|Any CPU
		{913E1E07-438F-456C-B473-5FF2E6FC966D}.Deliverable|Any CPU.Build.0 = Deliverable|Any CPU
		{913E1E07-438F-456C-B473-5FF2E6FC966D}.Release|Any CPU.ActiveCfg = Release|Any CPU
		{913E1E07-438F-456C-B473-5FF2E6FC966D}.Release|Any CPU.Build.0 = Release|Any CPU
	EndGlobalSection
	GlobalSection(SolutionProperties) = preSolution
		HideSolutionNode = FALSE
	EndGlobalSection
	GlobalSection(NestedProjects) = preSolution
		{3A8BB973-C7A5-4194-8709-58CCE07D0C0B} = {DD6A3F7E-A8AD-4DCB-A978-90674AB92045}
		{1A32FAE0-3905-428B-AA3A-584828CD7776} = {DD6A3F7E-A8AD-4DCB-A978-90674AB92045}
		{949B686B-9DE0-4D70-825E-CC4FD1CC6ECC} = {2F99ED14-67D3-4A64-B8CC-5AB4772835B0}
		{DAC43804-38CA-4C93-AC40-B9F7A8865790} = {2F99ED14-67D3-4A64-B8CC-5AB4772835B0}
		{913E1E07-438F-456C-B473-5FF2E6FC966D} = {2F99ED14-67D3-4A64-B8CC-5AB4772835B0}
	EndGlobalSection
	GlobalSection(ExtensibilityGlobals) = postSolution
		SolutionGuid = {A7D69E1F-7497-43E8-80B3-2263B4BFE6CD}
	EndGlobalSection
EndGlobal
